// !$*UTF8*$!
{
	archiveVersion = 1;
	classes = {
	};
	objectVersion = 56;
	objects = {

/* Begin PBXBuildFile section */
		AA0000000000000000000301 /* CmdVApp.swift in Sources */ = {isa = PBXBuildFile; fileRef = AA0000000000000000000201 /* CmdVApp.swift */; };
		AA0000000000000000000302 /* AppDelegate.swift in Sources */ = {isa = PBXBuildFile; fileRef = AA0000000000000000000202 /* AppDelegate.swift */; };
		AA0000000000000000000303 /* ClipboardItem.swift in Sources */ = {isa = PBXBuildFile; fileRef = AA0000000000000000000203 /* ClipboardItem.swift */; };
		AA0000000000000000000304 /* HotkeyConfiguration.swift in Sources */ = {isa = PBXBuildFile; fileRef = AA0000000000000000000204 /* HotkeyConfiguration.swift */; };
		AA0000000000000000000305 /* SettingsStore.swift in Sources */ = {isa = PBXBuildFile; fileRef = AA0000000000000000000205 /* SettingsStore.swift */; };
		AA0000000000000000000306 /* ImageStorage.swift in Sources */ = {isa = PBXBuildFile; fileRef = AA0000000000000000000206 /* ImageStorage.swift */; };
		AA0000000000000000000307 /* SQLiteHistoryDatabase.swift in Sources */ = {isa = PBXBuildFile; fileRef = AA0000000000000000000207 /* SQLiteHistoryDatabase.swift */; };
		AA0000000000000000000308 /* HistoryStore.swift in Sources */ = {isa = PBXBuildFile; fileRef = AA0000000000000000000208 /* HistoryStore.swift */; };
		AA0000000000000000000309 /* ClipboardMonitor.swift in Sources */ = {isa = PBXBuildFile; fileRef = AA0000000000000000000209 /* ClipboardMonitor.swift */; };
		AA000000000000000000030A /* PermissionsService.swift in Sources */ = {isa = PBXBuildFile; fileRef = AA000000000000000000020A /* PermissionsService.swift */; };
		AA000000000000000000030B /* PasteService.swift in Sources */ = {isa = PBXBuildFile; fileRef = AA000000000000000000020B /* PasteService.swift */; };
		AA000000000000000000030C /* HotkeyManager.swift in Sources */ = {isa = PBXBuildFile; fileRef = AA000000000000000000020C /* HotkeyManager.swift */; };
		AA000000000000000000030D /* PopupViewModel.swift in Sources */ = {isa = PBXBuildFile; fileRef = AA000000000000000000020D /* PopupViewModel.swift */; };
		AA000000000000000000030E /* PopupPanelController.swift in Sources */ = {isa = PBXBuildFile; fileRef = AA000000000000000000020E /* PopupPanelController.swift */; };
		AA000000000000000000030F /* PopupContentView.swift in Sources */ = {isa = PBXBuildFile; fileRef = AA000000000000000000020F /* PopupContentView.swift */; };
		AA0000000000000000000310 /* HistoryRowView.swift in Sources */ = {isa = PBXBuildFile; fileRef = AA0000000000000000000210 /* HistoryRowView.swift */; };
		AA0000000000000000000311 /* SettingsView.swift in Sources */ = {isa = PBXBuildFile; fileRef = AA0000000000000000000211 /* SettingsView.swift */; };
		AA0000000000000000000312 /* SettingsWindowController.swift in Sources */ = {isa = PBXBuildFile; fileRef = AA0000000000000000000212 /* SettingsWindowController.swift */; };
		AA0000000000000000000313 /* StatusBarController.swift in Sources */ = {isa = PBXBuildFile; fileRef = AA0000000000000000000213 /* StatusBarController.swift */; };
		AA0000000000000000000314 /* NSImage+PNG.swift in Sources */ = {isa = PBXBuildFile; fileRef = AA0000000000000000000214 /* NSImage+PNG.swift */; };
		AA0000000000000000000318 /* PopupLayout.swift in Sources */ = {isa = PBXBuildFile; fileRef = AA000000000000000000021A /* PopupLayout.swift */; };
		AA0000000000000000000322 /* SpotlightAliasIndexer.swift in Sources */ = {isa = PBXBuildFile; fileRef = AA0000000000000000000224 /* SpotlightAliasIndexer.swift */; };
		AA0000000000000000000401 /* CmdVTheme.swift in Sources */ = {isa = PBXBuildFile; fileRef = AA0000000000000000000400 /* CmdVTheme.swift */; };
		AA000000000000000000031C /* CmdVAppIcon.icns in Resources */ = {isa = PBXBuildFile; fileRef = AA000000000000000000021E /* CmdVAppIcon.icns */; };
		AA000000000000000000031D /* CmdVMenuBarTemplate.png in Resources */ = {isa = PBXBuildFile; fileRef = AA000000000000000000021F /* CmdVMenuBarTemplate.png */; };
		AA000000000000000000031E /* CmdVMenuBarTemplate@2x.png in Resources */ = {isa = PBXBuildFile; fileRef = AA0000000000000000000220 /* CmdVMenuBarTemplate@2x.png */; };
		AA000000000000000000031F /* CmdVMainLogo.png in Resources */ = {isa = PBXBuildFile; fileRef = AA0000000000000000000221 /* CmdVMainLogo.png */; };
/* End PBXBuildFile section */

/* Begin PBXFileReference section */
		AA0000000000000000000011 /* CmdV.app */ = {isa = PBXFileReference; explicitFileType = wrapper.application; includeInIndex = 0; path = CmdV.app; sourceTree = BUILT_PRODUCTS_DIR; };
		AA0000000000000000000201 /* CmdVApp.swift */ = {isa = PBXFileReference; lastKnownFileType = sourcecode.swift; path = CmdVApp.swift; sourceTree = "<group>"; };
		AA0000000000000000000202 /* AppDelegate.swift */ = {isa = PBXFileReference; lastKnownFileType = sourcecode.swift; path = AppDelegate.swift; sourceTree = "<group>"; };
		AA0000000000000000000203 /* ClipboardItem.swift */ = {isa = PBXFileReference; lastKnownFileType = sourcecode.swift; path = ClipboardItem.swift; sourceTree = "<group>"; };
		AA0000000000000000000204 /* HotkeyConfiguration.swift */ = {isa = PBXFileReference; lastKnownFileType = sourcecode.swift; path = HotkeyConfiguration.swift; sourceTree = "<group>"; };
		AA0000000000000000000205 /* SettingsStore.swift */ = {isa = PBXFileReference; lastKnownFileType = sourcecode.swift; path = SettingsStore.swift; sourceTree = "<group>"; };
		AA0000000000000000000206 /* ImageStorage.swift */ = {isa = PBXFileReference; lastKnownFileType = sourcecode.swift; path = ImageStorage.swift; sourceTree = "<group>"; };
		AA0000000000000000000207 /* SQLiteHistoryDatabase.swift */ = {isa = PBXFileReference; lastKnownFileType = sourcecode.swift; path = SQLiteHistoryDatabase.swift; sourceTree = "<group>"; };
		AA0000000000000000000208 /* HistoryStore.swift */ = {isa = PBXFileReference; lastKnownFileType = sourcecode.swift; path = HistoryStore.swift; sourceTree = "<group>"; };
		AA0000000000000000000209 /* ClipboardMonitor.swift */ = {isa = PBXFileReference; lastKnownFileType = sourcecode.swift; path = ClipboardMonitor.swift; sourceTree = "<group>"; };
		AA000000000000000000020A /* PermissionsService.swift */ = {isa = PBXFileReference; lastKnownFileType = sourcecode.swift; path = PermissionsService.swift; sourceTree = "<group>"; };
		AA000000000000000000020B /* PasteService.swift */ = {isa = PBXFileReference; lastKnownFileType = sourcecode.swift; path = PasteService.swift; sourceTree = "<group>"; };
		AA000000000000000000020C /* HotkeyManager.swift */ = {isa = PBXFileReference; lastKnownFileType = sourcecode.swift; path = HotkeyManager.swift; sourceTree = "<group>"; };
		AA000000000000000000020D /* PopupViewModel.swift */ = {isa = PBXFileReference; lastKnownFileType = sourcecode.swift; path = PopupViewModel.swift; sourceTree = "<group>"; };
		AA000000000000000000020E /* PopupPanelController.swift */ = {isa = PBXFileReference; lastKnownFileType = sourcecode.swift; path = PopupPanelController.swift; sourceTree = "<group>"; };
		AA000000000000000000020F /* PopupContentView.swift */ = {isa = PBXFileReference; lastKnownFileType = sourcecode.swift; path = PopupContentView.swift; sourceTree = "<group>"; };
		AA0000000000000000000210 /* HistoryRowView.swift */ = {isa = PBXFileReference; lastKnownFileType = sourcecode.swift; path = HistoryRowView.swift; sourceTree = "<group>"; };
		AA0000000000000000000211 /* SettingsView.swift */ = {isa = PBXFileReference; lastKnownFileType = sourcecode.swift; path = SettingsView.swift; sourceTree = "<group>"; };
		AA0000000000000000000212 /* SettingsWindowController.swift */ = {isa = PBXFileReference; lastKnownFileType = sourcecode.swift; path = SettingsWindowController.swift; sourceTree = "<group>"; };
		AA0000000000000000000213 /* StatusBarController.swift */ = {isa = PBXFileReference; lastKnownFileType = sourcecode.swift; path = StatusBarController.swift; sourceTree = "<group>"; };
		AA0000000000000000000214 /* NSImage+PNG.swift */ = {isa = PBXFileReference; lastKnownFileType = sourcecode.swift; path = "NSImage+PNG.swift"; sourceTree = "<group>"; };
		AA0000000000000000000215 /* Info.plist */ = {isa = PBXFileReference; lastKnownFileType = text.plist.xml; path = Info.plist; sourceTree = "<group>"; };
		AA000000000000000000021A /* PopupLayout.swift */ = {isa = PBXFileReference; lastKnownFileType = sourcecode.swift; path = PopupLayout.swift; sourceTree = "<group>"; };
		AA0000000000000000000400 /* CmdVTheme.swift */ = {isa = PBXFileReference; lastKnownFileType = sourcecode.swift; path = CmdVTheme.swift; sourceTree = "<group>"; };
		AA0000000000000000000224 /* SpotlightAliasIndexer.swift */ = {isa = PBXFileReference; lastKnownFileType = sourcecode.swift; path = SpotlightAliasIndexer.swift; sourceTree = "<group>"; };
		AA000000000000000000021E /* CmdVAppIcon.icns */ = {isa = PBXFileReference; lastKnownFileType = image.icns; path = CmdVAppIcon.icns; sourceTree = "<group>"; };
		AA000000000000000000021F /* CmdVMenuBarTemplate.png */ = {isa = PBXFileReference; lastKnownFileType = image.png; path = CmdVMenuBarTemplate.png; sourceTree = "<group>"; };
		AA0000000000000000000220 /* CmdVMenuBarTemplate@2x.png */ = {isa = PBXFileReference; lastKnownFileType = image.png; path = "CmdVMenuBarTemplate@2x.png"; sourceTree = "<group>"; };
		AA0000000000000000000221 /* CmdVMainLogo.png */ = {isa = PBXFileReference; lastKnownFileType = image.png; path = CmdVMainLogo.png; sourceTree = "<group>"; };
/* End PBXFileReference section */

/* Begin PBXFrameworksBuildPhase section */
		AA0000000000000000000013 /* Frameworks */ = {
			isa = PBXFrameworksBuildPhase;
			buildActionMask = 2147483647;
			files = (
			);
			runOnlyForDeploymentPostprocessing = 0;
		};
/* End PBXFrameworksBuildPhase section */

/* Begin PBXGroup section */
		AA0000000000000000000002 = {
			isa = PBXGroup;
			children = (
				AA0000000000000000000004 /* CmdV */,
				AA0000000000000000000003 /* Products */,
			);
			sourceTree = "<group>";
		};
		AA0000000000000000000003 /* Products */ = {
			isa = PBXGroup;
			children = (
				AA0000000000000000000011 /* CmdV.app */,
			);
			name = Products;
			sourceTree = "<group>";
		};
		AA0000000000000000000004 /* CmdV */ = {
			isa = PBXGroup;
			children = (
				AA0000000000000000000005 /* App */,
				AA0000000000000000000006 /* Models */,
				AA0000000000000000000007 /* Services */,
				AA0000000000000000000008 /* UI */,
				AA0000000000000000000009 /* Utilities */,
				AA000000000000000000000A /* Resources */,
			);
			path = CmdV;
			sourceTree = "<group>";
		};
		AA0000000000000000000005 /* App */ = {
			isa = PBXGroup;
			children = (
				AA0000000000000000000201 /* CmdVApp.swift */,
				AA0000000000000000000202 /* AppDelegate.swift */,
			);
			path = App;
			sourceTree = "<group>";
		};
		AA0000000000000000000006 /* Models */ = {
			isa = PBXGroup;
			children = (
				AA0000000000000000000203 /* ClipboardItem.swift */,
				AA0000000000000000000204 /* HotkeyConfiguration.swift */,
			);
			path = Models;
			sourceTree = "<group>";
		};
		AA0000000000000000000007 /* Services */ = {
			isa = PBXGroup;
			children = (
				AA0000000000000000000205 /* SettingsStore.swift */,
				AA0000000000000000000206 /* ImageStorage.swift */,
				AA0000000000000000000207 /* SQLiteHistoryDatabase.swift */,
				AA0000000000000000000208 /* HistoryStore.swift */,
				AA0000000000000000000209 /* ClipboardMonitor.swift */,
				AA000000000000000000020A /* PermissionsService.swift */,
				AA000000000000000000020B /* PasteService.swift */,
				AA000000000000000000020C /* HotkeyManager.swift */,
				AA0000000000000000000224 /* SpotlightAliasIndexer.swift */,
			);
			path = Services;
			sourceTree = "<group>";
		};
		AA0000000000000000000008 /* UI */ = {
			isa = PBXGroup;
			children = (
				AA000000000000000000021A /* PopupLayout.swift */,
				AA000000000000000000020D /* PopupViewModel.swift */,
				AA000000000000000000020E /* PopupPanelController.swift */,
				AA000000000000000000020F /* PopupContentView.swift */,
				AA0000000000000000000210 /* HistoryRowView.swift */,
				AA0000000000000000000400 /* CmdVTheme.swift */,
				AA0000000000000000000211 /* SettingsView.swift */,
				AA0000000000000000000212 /* SettingsWindowController.swift */,
				AA0000000000000000000213 /* StatusBarController.swift */,
			);
			path = UI;
			sourceTree = "<group>";
		};
		AA0000000000000000000009 /* Utilities */ = {
			isa = PBXGroup;
			children = (
				AA0000000000000000000214 /* NSImage+PNG.swift */,
			);
			path = Utilities;
			sourceTree = "<group>";
		};
		AA000000000000000000000A /* Resources */ = {
			isa = PBXGroup;
			children = (
				AA0000000000000000000215 /* Info.plist */,
				AA000000000000000000021E /* CmdVAppIcon.icns */,
				AA000000000000000000021F /* CmdVMenuBarTemplate.png */,
				AA0000000000000000000220 /* CmdVMenuBarTemplate@2x.png */,
				AA0000000000000000000221 /* CmdVMainLogo.png */,
			);
			path = Resources;
			sourceTree = "<group>";
		};
/* End PBXGroup section */

/* Begin PBXNativeTarget section */
		AA0000000000000000000010 /* CmdV */ = {
			isa = PBXNativeTarget;
			buildConfigurationList = AA0000000000000000000016 /* Build configuration list for PBXNativeTarget "CmdV" */;
			buildPhases = (
				AA0000000000000000000012 /* Sources */,
				AA0000000000000000000013 /* Frameworks */,
				AA0000000000000000000014 /* Resources */,
			);
			buildRules = (
			);
			dependencies = (
			);
			name = CmdV;
			productName = CmdV;
			productReference = AA0000000000000000000011 /* CmdV.app */;
			productType = "com.apple.product-type.application";
		};
/* End PBXNativeTarget section */

/* Begin PBXProject section */
		AA0000000000000000000001 /* Project object */ = {
			isa = PBXProject;
			attributes = {
				LastSwiftUpdateCheck = 1530;
				LastUpgradeCheck = 1530;
				TargetAttributes = {
					AA0000000000000000000010 = {
						CreatedOnToolsVersion = 15.3;
					};
				};
			};
			buildConfigurationList = AA0000000000000000000015 /* Build configuration list for PBXProject "CmdV" */;
			compatibilityVersion = "Xcode 14.0";
			developmentRegion = en;
			hasScannedForEncodings = 0;
			knownRegions = (
				en,
				Base,
			);
			mainGroup = AA0000000000000000000002;
			productRefGroup = AA0000000000000000000003 /* Products */;
			projectDirPath = "";
			projectRoot = "";
			targets = (
				AA0000000000000000000010 /* CmdV */,
			);
		};
/* End PBXProject section */

/* Begin PBXResourcesBuildPhase section */
		AA0000000000000000000014 /* Resources */ = {
			isa = PBXResourcesBuildPhase;
			buildActionMask = 2147483647;
			files = (
				AA000000000000000000031C /* CmdVAppIcon.icns in Resources */,
				AA000000000000000000031D /* CmdVMenuBarTemplate.png in Resources */,
				AA000000000000000000031E /* CmdVMenuBarTemplate@2x.png in Resources */,
				AA000000000000000000031F /* CmdVMainLogo.png in Resources */,
			);
			runOnlyForDeploymentPostprocessing = 0;
		};
/* End PBXResourcesBuildPhase section */

/* Begin PBXSourcesBuildPhase section */
		AA0000000000000000000012 /* Sources */ = {
			isa = PBXSourcesBuildPhase;
			buildActionMask = 2147483647;
			files = (
				AA0000000000000000000318 /* PopupLayout.swift in Sources */,
				AA0000000000000000000301 /* CmdVApp.swift in Sources */,
				AA0000000000000000000302 /* AppDelegate.swift in Sources */,
				AA0000000000000000000303 /* ClipboardItem.swift in Sources */,
				AA0000000000000000000304 /* HotkeyConfiguration.swift in Sources */,
				AA0000000000000000000305 /* SettingsStore.swift in Sources */,
				AA0000000000000000000306 /* ImageStorage.swift in Sources */,
				AA0000000000000000000307 /* SQLiteHistoryDatabase.swift in Sources */,
				AA0000000000000000000308 /* HistoryStore.swift in Sources */,
				AA0000000000000000000309 /* ClipboardMonitor.swift in Sources */,
				AA000000000000000000030A /* PermissionsService.swift in Sources */,
				AA000000000000000000030B /* PasteService.swift in Sources */,
				AA000000000000000000030C /* HotkeyManager.swift in Sources */,
				AA000000000000000000030D /* PopupViewModel.swift in Sources */,
				AA000000000000000000030E /* PopupPanelController.swift in Sources */,
				AA000000000000000000030F /* PopupContentView.swift in Sources */,
				AA0000000000000000000310 /* HistoryRowView.swift in Sources */,
				AA0000000000000000000311 /* SettingsView.swift in Sources */,
				AA0000000000000000000401 /* CmdVTheme.swift in Sources */,
				AA0000000000000000000312 /* SettingsWindowController.swift in Sources */,
				AA0000000000000000000313 /* StatusBarController.swift in Sources */,
				AA0000000000000000000314 /* NSImage+PNG.swift in Sources */,
				AA0000000000000000000322 /* SpotlightAliasIndexer.swift in Sources */,
			);
			runOnlyForDeploymentPostprocessing = 0;
		};
/* End PBXSourcesBuildPhase section */

/* Begin XCBuildConfiguration section */
		AA0000000000000000000017 /* Debug */ = {
			isa = XCBuildConfiguration;
			buildSettings = {
				ALWAYS_SEARCH_USER_PATHS = NO;
				CLANG_ENABLE_MODULES = YES;
				CURRENT_PROJECT_VERSION = 12;
				MARKETING_VERSION = 0.2.1;
				MACOSX_DEPLOYMENT_TARGET = 13.0;
				SDKROOT = macosx;
				SWIFT_VERSION = 5.0;
			};
			name = Debug;
		};
		AA0000000000000000000018 /* Release */ = {
			isa = XCBuildConfiguration;
			buildSettings = {
				ALWAYS_SEARCH_USER_PATHS = NO;
				CLANG_ENABLE_MODULES = YES;
				CURRENT_PROJECT_VERSION = 12;
				MARKETING_VERSION = 0.2.1;
				MACOSX_DEPLOYMENT_TARGET = 13.0;
				SDKROOT = macosx;
				SWIFT_VERSION = 5.0;
			};
			name = Release;
		};
			AA0000000000000000000019 /* Debug */ = {
				isa = XCBuildConfiguration;
				buildSettings = {
					CODE_SIGNING_ALLOWED = YES;
					CODE_SIGNING_REQUIRED = YES;
					CODE_SIGN_STYLE = Automatic;
					CURRENT_PROJECT_VERSION = 12;
				ENABLE_TESTABILITY = YES;
				GENERATE_INFOPLIST_FILE = NO;
				INFOPLIST_FILE = CmdV/Resources/Info.plist;
				LD_RUNPATH_SEARCH_PATHS = (
					"$(inherited)",
					"@executable_path/../Frameworks",
				);
				MACOSX_DEPLOYMENT_TARGET = 13.0;
					MARKETING_VERSION = 0.2.1;
				PRODUCT_BUNDLE_IDENTIFIER = com.cmdv.app;
				PRODUCT_NAME = "$(TARGET_NAME)";
				SWIFT_OPTIMIZATION_LEVEL = "-Onone";
				SWIFT_EMIT_LOC_STRINGS = YES;
				SWIFT_VERSION = 5.0;
			};
			name = Debug;
		};
			AA000000000000000000001A /* Release */ = {
				isa = XCBuildConfiguration;
				buildSettings = {
					CODE_SIGNING_ALLOWED = YES;
					CODE_SIGNING_REQUIRED = YES;
					CODE_SIGN_INJECT_BASE_ENTITLEMENTS = NO;
					CODE_SIGN_STYLE = Automatic;
					CURRENT_PROJECT_VERSION = 12;
				ENABLE_HARDENED_RUNTIME = YES;
				GENERATE_INFOPLIST_FILE = NO;
				INFOPLIST_FILE = CmdV/Resources/Info.plist;
				LD_RUNPATH_SEARCH_PATHS = (
					"$(inherited)",
					"@executable_path/../Frameworks",
				);
				MACOSX_DEPLOYMENT_TARGET = 13.0;
					MARKETING_VERSION = 0.2.1;
				PRODUCT_BUNDLE_IDENTIFIER = com.cmdv.app;
				PRODUCT_NAME = "$(TARGET_NAME)";
				SWIFT_EMIT_LOC_STRINGS = YES;
				SWIFT_VERSION = 5.0;
			};
			name = Release;
		};
/* End XCBuildConfiguration section */

/* Begin XCConfigurationList section */
		AA0000000000000000000015 /* Build configuration list for PBXProject "CmdV" */ = {
			isa = XCConfigurationList;
			buildConfigurations = (
				AA0000000000000000000017 /* Debug */,
				AA0000000000000000000018 /* Release */,
			);
			defaultConfigurationIsVisible = 0;
			defaultConfigurationName = Release;
		};
		AA0000000000000000000016 /* Build configuration list for PBXNativeTarget "CmdV" */ = {
			isa = XCConfigurationList;
			buildConfigurations = (
				AA0000000000000000000019 /* Debug */,
				AA000000000000000000001A /* Release */,
			);
			defaultConfigurationIsVisible = 0;
			defaultConfigurationName = Debug;
		};
/* End XCConfigurationList section */
	};
	rootObject = AA0000000000000000000001 /* Project object */;
}
